
Microsoft Visual Studio Solution File, Format Version 12.00
# Visual Studio Version 17
VisualStudioVersion = 17.10.34916.146
MinimumVisualStudioVersion = 10.0.40219.1
Project("{FAE04EC0-301F-11D3-BF4B-00C04F79EFBC}") = "lab_10", "lab_10\lab_10.csproj", "{1E715268-601F-4062-8AA9-A9EAFEF7B4BE}"
EndProject
Global
	GlobalSection(SolutionConfigurationPlatforms) = preSolution
		Debug|Any CPU = Debug|Any CPU
		Release|Any CPU = Release|Any CPU
	EndGlobalSection
	GlobalSection(ProjectConfigurationPlatforms) = postSolution
		{1E715268-601F-4062-8AA9-A9EAFEF7B4BE}.Debug|Any CPU.ActiveCfg = Debug|Any CPU
		{1E715268-601F-4062-8AA9-A9EAFEF7B4BE}.Debug|Any CPU.Build.0 = Debug|Any CPU
		{1E715268-601F-4062-8AA9-A9EAFEF7B4BE}.Release|Any CPU.ActiveCfg = Release|Any CPU
		{1E715268-601F-4062-8AA9-A9EAFEF7B4BE}.Release|Any CPU.Build.0 = Release|Any CPU
	EndGlobalSection
	GlobalSection(SolutionProperties) = preSolution
		HideSolutionNode = FALSE
	EndGlobalSection
	GlobalSection(ExtensibilityGlobals) = postSolution
		SolutionGuid = {16B23B4C-1072-4768-8D94-4200E91C0CEA}
	EndGlobalSection
EndGlobal
